{
  "requires": true,
  "lockfileVersion": 1,
  "dependencies": {
    "clsx": {
      "version": "1.2.1",
      "resolved": "https://registry.npmjs.org/clsx/-/clsx-1.2.1.tgz",
      "integrity": "sha512-EcR6r5a8bj6pu3ycsa/E/cKVGuTgZJZdsyUYHOksG/UHIiKfjxzRxYJpyVBwYaQeOvghal9fcc4PidlgzugAQg=="
    },
    "react-scrollable-feed": {
      "version": "1.3.1",
      "resolved": "https://registry.npmjs.org/react-scrollable-feed/-/react-scrollable-feed-1.3.1.tgz",
      "integrity": "sha512-C+ED45W+wY5EKhBmS2h6D/Nt0fv1Qx0KrvhHwpKpqpooeb/PjyLZqyVSCdFDSTJ2d9baP1Qa7ZB7/SXFnYghMA=="
    },
    "react-toastify": {
      "version": "9.0.8",
      "resolved": "https://registry.npmjs.org/react-toastify/-/react-toastify-9.0.8.tgz",
      "integrity": "sha512-EwM+teWt49HSHx+67qI08yLAW1zAsBxCXLCsUfxHYv1W7/R3ZLhrqKalh7j+kjgPna1h5LQMSMwns4tB4ww2yQ==",
      "requires": {
        "clsx": "^1.1.1"
      }
    }
  }
}
